
Microsoft Visual Studio Solution File, Format Version 12.00
# Visual Studio Version 16
VisualStudioVersion = 16.0.29403.142
MinimumVisualStudioVersion = 10.0.40219.1
Project("{FAE04EC0-301F-11D3-BF4B-00C04F79EFBC}") = "Multas", "Multas\Multas.csproj", "{A470E9B0-3F19-490A-A3A3-3FD7842DD6F5}"
EndProject
Global
	GlobalSection(SolutionConfigurationPlatforms) = preSolution
		Debug|Any CPU = Debug|Any CPU
		Release|Any CPU = Release|Any CPU
	EndGlobalSection
	GlobalSection(ProjectConfigurationPlatforms) = postSolution
		{A470E9B0-3F19-490A-A3A3-3FD7842DD6F5}.Debug|Any CPU.ActiveCfg = Debug|Any CPU
		{A470E9B0-3F19-490A-A3A3-3FD7842DD6F5}.Debug|Any CPU.Build.0 = Debug|Any CPU
		{A470E9B0-3F19-490A-A3A3-3FD7842DD6F5}.Release|Any CPU.ActiveCfg = Release|Any CPU
		{A470E9B0-3F19-490A-A3A3-3FD7842DD6F5}.Release|Any CPU.Build.0 = Release|Any CPU
	EndGlobalSection
	GlobalSection(SolutionProperties) = preSolution
		HideSolutionNode = FALSE
	EndGlobalSection
	GlobalSection(ExtensibilityGlobals) = postSolution
		SolutionGuid = {89166E68-9CF1-4EC8-A654-74C55490283C}
	EndGlobalSection
EndGlobal
